
Microsoft Visual Studio Solution File, Format Version 12.00
# Visual Studio Version 17
VisualStudioVersion = 17.4.33122.133
MinimumVisualStudioVersion = 10.0.40219.1
Project("{FAE04EC0-301F-11D3-BF4B-00C04F79EFBC}") = "QuoteCalculatorAPI", "QuoteCalculatorAPI\QuoteCalculatorAPI.csproj", "{2E2AADFF-3D50-480F-AB10-0D6B8B636812}"
EndProject
Global
	GlobalSection(SolutionConfigurationPlatforms) = preSolution
		Debug|Any CPU = Debug|Any CPU
		Release|Any CPU = Release|Any CPU
	EndGlobalSection
	GlobalSection(ProjectConfigurationPlatforms) = postSolution
		{2E2AADFF-3D50-480F-AB10-0D6B8B636812}.Debug|Any CPU.ActiveCfg = Debug|Any CPU
		{2E2AADFF-3D50-480F-AB10-0D6B8B636812}.Debug|Any CPU.Build.0 = Debug|Any CPU
		{2E2AADFF-3D50-480F-AB10-0D6B8B636812}.Release|Any CPU.ActiveCfg = Release|Any CPU
		{2E2AADFF-3D50-480F-AB10-0D6B8B636812}.Release|Any CPU.Build.0 = Release|Any CPU
	EndGlobalSection
	GlobalSection(SolutionProperties) = preSolution
		HideSolutionNode = FALSE
	EndGlobalSection
	GlobalSection(ExtensibilityGlobals) = postSolution
		SolutionGuid = {AB3BE9D0-B674-4451-9363-18A14357F012}
	EndGlobalSection
EndGlobal
